
Microsoft Visual Studio Solution File, Format Version 12.00
# Visual Studio Version 16
VisualStudioVersion = 16.0.31129.286
MinimumVisualStudioVersion = 10.0.40219.1
Project("{FAE04EC0-301F-11D3-BF4B-00C04F79EFBC}") = "teste_unitario_07_05_21", "teste_unitario_07_05_21\teste_unitario_07_05_21.csproj", "{823C8A73-124C-445E-BE9A-7F0DFD47B523}"
EndProject
Global
	GlobalSection(SolutionConfigurationPlatforms) = preSolution
		Debug|Any CPU = Debug|Any CPU
		Release|Any CPU = Release|Any CPU
	EndGlobalSection
	GlobalSection(ProjectConfigurationPlatforms) = postSolution
		{823C8A73-124C-445E-BE9A-7F0DFD47B523}.Debug|Any CPU.ActiveCfg = Debug|Any CPU
		{823C8A73-124C-445E-BE9A-7F0DFD47B523}.Debug|Any CPU.Build.0 = Debug|Any CPU
		{823C8A73-124C-445E-BE9A-7F0DFD47B523}.Release|Any CPU.ActiveCfg = Release|Any CPU
		{823C8A73-124C-445E-BE9A-7F0DFD47B523}.Release|Any CPU.Build.0 = Release|Any CPU
	EndGlobalSection
	GlobalSection(SolutionProperties) = preSolution
		HideSolutionNode = FALSE
	EndGlobalSection
	GlobalSection(ExtensibilityGlobals) = postSolution
		SolutionGuid = {F0A31779-0D4A-4982-AD7B-E35E152E3D95}
	EndGlobalSection
EndGlobal
